
Microsoft Visual Studio Solution File, Format Version 12.00
# Visual Studio Version 17
VisualStudioVersion = 17.4.33213.308
MinimumVisualStudioVersion = 10.0.40219.1
Project("{FAE04EC0-301F-11D3-BF4B-00C04F79EFBC}") = "pruefebrero", "pruefebrero\pruefebrero.csproj", "{9013BF85-B6FA-4CD1-8773-E9C1C1D1901D}"
EndProject
Global
	GlobalSection(SolutionConfigurationPlatforms) = preSolution
		Debug|Any CPU = Debug|Any CPU
		Release|Any CPU = Release|Any CPU
	EndGlobalSection
	GlobalSection(ProjectConfigurationPlatforms) = postSolution
		{9013BF85-B6FA-4CD1-8773-E9C1C1D1901D}.Debug|Any CPU.ActiveCfg = Debug|Any CPU
		{9013BF85-B6FA-4CD1-8773-E9C1C1D1901D}.Debug|Any CPU.Build.0 = Debug|Any CPU
		{9013BF85-B6FA-4CD1-8773-E9C1C1D1901D}.Release|Any CPU.ActiveCfg = Release|Any CPU
		{9013BF85-B6FA-4CD1-8773-E9C1C1D1901D}.Release|Any CPU.Build.0 = Release|Any CPU
	EndGlobalSection
	GlobalSection(SolutionProperties) = preSolution
		HideSolutionNode = FALSE
	EndGlobalSection
	GlobalSection(ExtensibilityGlobals) = postSolution
		SolutionGuid = {69F4CECC-47C6-4F69-81E7-B2EEF33DA9B0}
	EndGlobalSection
EndGlobal
